# This file was autogenerated by Stack.
# You should not edit this file by hand.
# For more information, please see the documentation at:
#   https://docs.haskellstack.org/en/stable/lock_files

packages:
- completed:
    hackage: optics-0.2@sha256:813ef6cc4d2e2b5ee00435831031f38917ba01d1e56dcb62dc18cd0315a9ccb7,6296
    pantry-tree:
      size: 1003
      sha256: 8a74dbcd983fcc96b7b6c5c9fc6da7240dd2e5bdab7caa4927b8287a4cbe5c0f
  original:
    hackage: optics-0.2@sha256:813ef6cc4d2e2b5ee00435831031f38917ba01d1e56dcb62dc18cd0315a9ccb7,6296
- completed:
    hackage: optics-core-0.2@sha256:cfdf39871553769b59fcc54863a3521d262ea25d8d05d0f41ab87296c560cfa6,4392
    pantry-tree:
      size: 4818
      sha256: 77521681ab5e6fd84a31b7cf9c5f51233141eecd7b9545a1c9eef6b1015776bc
  original:
    hackage: optics-core-0.2@sha256:cfdf39871553769b59fcc54863a3521d262ea25d8d05d0f41ab87296c560cfa6,4392
- completed:
    hackage: optics-extra-0.2@sha256:211ce1dfd1b3ffd95c1158d8c8beb53cbd17c4d477169e226b1831607f6789eb,3370
    pantry-tree:
      size: 1809
      sha256: cce8df05ef2e673461efa35734e072c54b78c73a17ee4a1e59c94252a3d53788
  original:
    hackage: optics-extra-0.2@sha256:211ce1dfd1b3ffd95c1158d8c8beb53cbd17c4d477169e226b1831607f6789eb,3370
- completed:
    hackage: optics-th-0.2@sha256:b4f6c5a3f134c697837190ed6da969dd284aefe79e43c3ef793093b607bb83b9,1929
    pantry-tree:
      size: 653
      sha256: f6b5caed956d3761b35769ac518d3f0f407449dafe33154992386f02d9489bad
  original:
    hackage: optics-th-0.2@sha256:b4f6c5a3f134c697837190ed6da969dd284aefe79e43c3ef793093b607bb83b9,1929
- completed:
    hackage: indexed-profunctors-0.1@sha256:ddf618d0d4c58319c1e735e746bc69a1021f13b6f475dc9614b80af03432e6d4,1016
    pantry-tree:
      size: 235
      sha256: cfd66c0a53be1b45eae72df112ea1158614458bb7b1c9cbbe3410b04ab011ec6
  original:
    hackage: indexed-profunctors-0.1@sha256:ddf618d0d4c58319c1e735e746bc69a1021f13b6f475dc9614b80af03432e6d4,1016
- completed:
    hackage: servant-to-elm-0.2.0.0@sha256:f8def22e87e1b79044c8dfab0a23d14f33ec31e9fde987218e10bb41f9e0c4f8,2958
    pantry-tree:
      size: 433
      sha256: cd0496f0a874a8c63ee4f720a3e4581635283daaac76460b6a64e4ec86eb3a75
  original:
    hackage: servant-to-elm-0.2.0.0@sha256:f8def22e87e1b79044c8dfab0a23d14f33ec31e9fde987218e10bb41f9e0c4f8,2958
- completed:
    hackage: elm-syntax-0.1.0.0@sha256:9ce07439e8937bc2f2dc430ddfb22bd24b1364aef45693cda698afb52c4bc051,2164
    pantry-tree:
      size: 711
      sha256: 902240b6678be844c21af281b57437bc3c3f67ab6303621f1825b2eff4ec6eee
  original:
    hackage: elm-syntax-0.1.0.0@sha256:9ce07439e8937bc2f2dc430ddfb22bd24b1364aef45693cda698afb52c4bc051,2164
- completed:
    hackage: haskell-to-elm-0.2.0.0@sha256:3ceb0aa9a1bc588da5f880122da07312b0180d319bdf4c385b671555654feebd,2949
    pantry-tree:
      size: 439
      sha256: f8a4e3e8f07794abce8766bbe2d729cb9cadfc624611cee5cbd587c3ff5acf9f
  original:
    hackage: haskell-to-elm-0.2.0.0@sha256:3ceb0aa9a1bc588da5f880122da07312b0180d319bdf4c385b671555654feebd,2949
- completed:
    hackage: tmp-postgres-1.34.1.0@sha256:7d6fd2e6f737890857aa60be1ba2828093c057db272e16180e99cd51566fead7,4753
    pantry-tree:
      size: 816
      sha256: 328061c9ec70b240b5a247164ba049d56a7e217409cebb69ed528cc280ee3a74
  original:
    hackage: tmp-postgres-1.34.1.0@sha256:7d6fd2e6f737890857aa60be1ba2828093c057db272e16180e99cd51566fead7,4753
- completed:
    hackage: generic-monoid-0.1.0.0@sha256:372875d12742b97befaacbd08a35c2e73cc3821a3b7a09ec1b17a079d0b24ff7,856
    pantry-tree:
      size: 393
      sha256: 97b556af7f3209f1da5099f50727008d771b72ac0b64b4a640c20f1621eb669b
  original:
    hackage: generic-monoid-0.1.0.0@sha256:372875d12742b97befaacbd08a35c2e73cc3821a3b7a09ec1b17a079d0b24ff7,856
- completed:
    hackage: postgres-options-0.2.0.0@sha256:5e2d6408ed3943f9a056b58106186397b9aa1424c56f1f26668305ce8ea2838f,1604
    pantry-tree:
      size: 295
      sha256: a9fb2bafbaca65c548916e9276ad129302e0b82b7cc9a5c74d3b359a7a77d598
  original:
    hackage: postgres-options-0.2.0.0@sha256:5e2d6408ed3943f9a056b58106186397b9aa1424c56f1f26668305ce8ea2838f,1604
snapshots:
- completed:
    size: 524799
    url: https://raw.githubusercontent.com/commercialhaskell/stackage-snapshots/master/lts/14/17.yaml
    sha256: 1d72b33c0fc048e23f4f18fd76a6ad79dd1d8a3c054644098a71a09855e40c7c
  original: lts-14.17
